// !$*UTF8*$!
{
	archiveVersion = 1;
	classes = {
	};
	objectVersion = 56;
	objects = {

/* Begin PBXBuildFile section */
		1CAEA66FF050FC543C9B28CA /* Pods_iMessage.framework in Frameworks */ = {isa = PBXBuildFile; fileRef = 62C9437EA44B6FC6773450E4 /* Pods_iMessage.framework */; };
		B5661B492A3E15C900CC146A /* AppDelegate.swift in Sources */ = {isa = PBXBuildFile; fileRef = B5661B482A3E15C900CC146A /* AppDelegate.swift */; };
		B5661B4B2A3E15C900CC146A /* SceneDelegate.swift in Sources */ = {isa = PBXBuildFile; fileRef = B5661B4A2A3E15C900CC146A /* SceneDelegate.swift */; };
		B5661B4D2A3E15C900CC146A /* MainViewController.swift in Sources */ = {isa = PBXBuildFile; fileRef = B5661B4C2A3E15C900CC146A /* MainViewController.swift */; };
		B5661B502A3E15C900CC146A /* Main.storyboard in Resources */ = {isa = PBXBuildFile; fileRef = B5661B4E2A3E15C900CC146A /* Main.storyboard */; };
		B5661B522A3E15CB00CC146A /* Assets.xcassets in Resources */ = {isa = PBXBuildFile; fileRef = B5661B512A3E15CB00CC146A /* Assets.xcassets */; };
		B5661B552A3E15CB00CC146A /* LaunchScreen.storyboard in Resources */ = {isa = PBXBuildFile; fileRef = B5661B532A3E15CB00CC146A /* LaunchScreen.storyboard */; };
		B5849C922A445DD10070E4EA /* StorageManager.swift in Sources */ = {isa = PBXBuildFile; fileRef = B5849C912A445DD10070E4EA /* StorageManager.swift */; };
		B591EB392A438AB40070A4D5 /* ChatViewController.swift in Sources */ = {isa = PBXBuildFile; fileRef = B591EB382A438AB40070A4D5 /* ChatViewController.swift */; };
		B5DF568F2A3E398200573A36 /* LoginViewController.swift in Sources */ = {isa = PBXBuildFile; fileRef = B5DF568E2A3E398200573A36 /* LoginViewController.swift */; };
		B5DF56912A3E39AE00573A36 /* RegisterViewController.swift in Sources */ = {isa = PBXBuildFile; fileRef = B5DF56902A3E39AE00573A36 /* RegisterViewController.swift */; };
		B5DF56932A3E39CF00573A36 /* PhotoViewerViewController.swift in Sources */ = {isa = PBXBuildFile; fileRef = B5DF56922A3E39CF00573A36 /* PhotoViewerViewController.swift */; };
		B5DF56952A3E39E600573A36 /* VideoPlayerViewController.swift in Sources */ = {isa = PBXBuildFile; fileRef = B5DF56942A3E39E600573A36 /* VideoPlayerViewController.swift */; };
		B5DF56972A3E3A1300573A36 /* NewConversationViewController.swift in Sources */ = {isa = PBXBuildFile; fileRef = B5DF56962A3E3A1300573A36 /* NewConversationViewController.swift */; };
		B5DF56992A3E3A3900573A36 /* ProfileViewController.swift in Sources */ = {isa = PBXBuildFile; fileRef = B5DF56982A3E3A3900573A36 /* ProfileViewController.swift */; };
		B5DF569B2A3E404900573A36 /* Extensions.swift in Sources */ = {isa = PBXBuildFile; fileRef = B5DF569A2A3E404900573A36 /* Extensions.swift */; };
		B5F4568F2A409FA30012FE6C /* GoogleService-Info.plist in Resources */ = {isa = PBXBuildFile; fileRef = B5F4568E2A409FA20012FE6C /* GoogleService-Info.plist */; };
		B5F456912A40BA750012FE6C /* DatabaseManager.swift in Sources */ = {isa = PBXBuildFile; fileRef = B5F456902A40BA750012FE6C /* DatabaseManager.swift */; };
/* End PBXBuildFile section */

/* Begin PBXFileReference section */
		62C9437EA44B6FC6773450E4 /* Pods_iMessage.framework */ = {isa = PBXFileReference; explicitFileType = wrapper.framework; includeInIndex = 0; path = Pods_iMessage.framework; sourceTree = BUILT_PRODUCTS_DIR; };
		89D08BFAF0429D6CCD34E346 /* Pods-iMessage.release.xcconfig */ = {isa = PBXFileReference; includeInIndex = 1; lastKnownFileType = text.xcconfig; name = "Pods-iMessage.release.xcconfig"; path = "Target Support Files/Pods-iMessage/Pods-iMessage.release.xcconfig"; sourceTree = "<group>"; };
		B5661B452A3E15C900CC146A /* iMessage.app */ = {isa = PBXFileReference; explicitFileType = wrapper.application; includeInIndex = 0; path = iMessage.app; sourceTree = BUILT_PRODUCTS_DIR; };
		B5661B482A3E15C900CC146A /* AppDelegate.swift */ = {isa = PBXFileReference; lastKnownFileType = sourcecode.swift; path = AppDelegate.swift; sourceTree = "<group>"; };
		B5661B4A2A3E15C900CC146A /* SceneDelegate.swift */ = {isa = PBXFileReference; lastKnownFileType = sourcecode.swift; path = SceneDelegate.swift; sourceTree = "<group>"; };
		B5661B4C2A3E15C900CC146A /* MainViewController.swift */ = {isa = PBXFileReference; lastKnownFileType = sourcecode.swift; path = MainViewController.swift; sourceTree = "<group>"; };
		B5661B4F2A3E15C900CC146A /* Base */ = {isa = PBXFileReference; lastKnownFileType = file.storyboard; name = Base; path = Base.lproj/Main.storyboard; sourceTree = "<group>"; };
		B5661B512A3E15CB00CC146A /* Assets.xcassets */ = {isa = PBXFileReference; lastKnownFileType = folder.assetcatalog; path = Assets.xcassets; sourceTree = "<group>"; };
		B5661B542A3E15CB00CC146A /* Base */ = {isa = PBXFileReference; lastKnownFileType = file.storyboard; name = Base; path = Base.lproj/LaunchScreen.storyboard; sourceTree = "<group>"; };
		B5661B562A3E15CB00CC146A /* Info.plist */ = {isa = PBXFileReference; lastKnownFileType = text.plist.xml; path = Info.plist; sourceTree = "<group>"; };
		B5849C912A445DD10070E4EA /* StorageManager.swift */ = {isa = PBXFileReference; lastKnownFileType = sourcecode.swift; path = StorageManager.swift; sourceTree = "<group>"; };
		B591EB382A438AB40070A4D5 /* ChatViewController.swift */ = {isa = PBXFileReference; lastKnownFileType = sourcecode.swift; path = ChatViewController.swift; sourceTree = "<group>"; };
		B5DF568E2A3E398200573A36 /* LoginViewController.swift */ = {isa = PBXFileReference; lastKnownFileType = sourcecode.swift; path = LoginViewController.swift; sourceTree = "<group>"; };
		B5DF56902A3E39AE00573A36 /* RegisterViewController.swift */ = {isa = PBXFileReference; lastKnownFileType = sourcecode.swift; path = RegisterViewController.swift; sourceTree = "<group>"; };
		B5DF56922A3E39CF00573A36 /* PhotoViewerViewController.swift */ = {isa = PBXFileReference; lastKnownFileType = sourcecode.swift; path = PhotoViewerViewController.swift; sourceTree = "<group>"; };
		B5DF56942A3E39E600573A36 /* VideoPlayerViewController.swift */ = {isa = PBXFileReference; lastKnownFileType = sourcecode.swift; path = VideoPlayerViewController.swift; sourceTree = "<group>"; };
		B5DF56962A3E3A1300573A36 /* NewConversationViewController.swift */ = {isa = PBXFileReference; lastKnownFileType = sourcecode.swift; path = NewConversationViewController.swift; sourceTree = "<group>"; };
		B5DF56982A3E3A3900573A36 /* ProfileViewController.swift */ = {isa = PBXFileReference; lastKnownFileType = sourcecode.swift; path = ProfileViewController.swift; sourceTree = "<group>"; };
		B5DF569A2A3E404900573A36 /* Extensions.swift */ = {isa = PBXFileReference; lastKnownFileType = sourcecode.swift; path = Extensions.swift; sourceTree = "<group>"; };
		B5F4568E2A409FA20012FE6C /* GoogleService-Info.plist */ = {isa = PBXFileReference; fileEncoding = 4; lastKnownFileType = text.plist.xml; path = "GoogleService-Info.plist"; sourceTree = "<group>"; };
		B5F456902A40BA750012FE6C /* DatabaseManager.swift */ = {isa = PBXFileReference; lastKnownFileType = sourcecode.swift; path = DatabaseManager.swift; sourceTree = "<group>"; };
		F5DEF01AA231844E181AD30D /* Pods-iMessage.debug.xcconfig */ = {isa = PBXFileReference; includeInIndex = 1; lastKnownFileType = text.xcconfig; name = "Pods-iMessage.debug.xcconfig"; path = "Target Support Files/Pods-iMessage/Pods-iMessage.debug.xcconfig"; sourceTree = "<group>"; };
/* End PBXFileReference section */

/* Begin PBXFrameworksBuildPhase section */
		B5661B422A3E15C900CC146A /* Frameworks */ = {
			isa = PBXFrameworksBuildPhase;
			buildActionMask = 2147483647;
			files = (
				1CAEA66FF050FC543C9B28CA /* Pods_iMessage.framework in Frameworks */,
			);
			runOnlyForDeploymentPostprocessing = 0;
		};
/* End PBXFrameworksBuildPhase section */

/* Begin PBXGroup section */
		3BED816F42F23F46A81F47A9 /* Frameworks */ = {
			isa = PBXGroup;
			children = (
				62C9437EA44B6FC6773450E4 /* Pods_iMessage.framework */,
			);
			name = Frameworks;
			sourceTree = "<group>";
		};
		65F6DB003048B60D8524DC64 /* Pods */ = {
			isa = PBXGroup;
			children = (
				F5DEF01AA231844E181AD30D /* Pods-iMessage.debug.xcconfig */,
				89D08BFAF0429D6CCD34E346 /* Pods-iMessage.release.xcconfig */,
			);
			path = Pods;
			sourceTree = "<group>";
		};
		B5661B3C2A3E15C900CC146A = {
			isa = PBXGroup;
			children = (
				B5661B472A3E15C900CC146A /* iMessage */,
				B5661B462A3E15C900CC146A /* Products */,
				65F6DB003048B60D8524DC64 /* Pods */,
				3BED816F42F23F46A81F47A9 /* Frameworks */,
			);
			sourceTree = "<group>";
		};
		B5661B462A3E15C900CC146A /* Products */ = {
			isa = PBXGroup;
			children = (
				B5661B452A3E15C900CC146A /* iMessage.app */,
			);
			name = Products;
			sourceTree = "<group>";
		};
		B5661B472A3E15C900CC146A /* iMessage */ = {
			isa = PBXGroup;
			children = (
				B5661B482A3E15C900CC146A /* AppDelegate.swift */,
				B5DF569A2A3E404900573A36 /* Extensions.swift */,
				B5661B4A2A3E15C900CC146A /* SceneDelegate.swift */,
				B5F456902A40BA750012FE6C /* DatabaseManager.swift */,
				B5849C912A445DD10070E4EA /* StorageManager.swift */,
				B5661B4E2A3E15C900CC146A /* Main.storyboard */,
				B5661B532A3E15CB00CC146A /* LaunchScreen.storyboard */,
				B5661B512A3E15CB00CC146A /* Assets.xcassets */,
				B591EB372A41FB0B0070A4D5 /* Controllers */,
				B5661B562A3E15CB00CC146A /* Info.plist */,
				B5F4568E2A409FA20012FE6C /* GoogleService-Info.plist */,
			);
			path = iMessage;
			sourceTree = "<group>";
		};
		B591EB372A41FB0B0070A4D5 /* Controllers */ = {
			isa = PBXGroup;
			children = (
				B5661B4C2A3E15C900CC146A /* MainViewController.swift */,
				B591EB382A438AB40070A4D5 /* ChatViewController.swift */,
				B5DF56942A3E39E600573A36 /* VideoPlayerViewController.swift */,
				B5DF56922A3E39CF00573A36 /* PhotoViewerViewController.swift */,
				B5DF56902A3E39AE00573A36 /* RegisterViewController.swift */,
				B5DF568E2A3E398200573A36 /* LoginViewController.swift */,
				B5DF56982A3E3A3900573A36 /* ProfileViewController.swift */,
				B5DF56962A3E3A1300573A36 /* NewConversationViewController.swift */,
			);
			path = Controllers;
			sourceTree = "<group>";
		};
/* End PBXGroup section */

/* Begin PBXNativeTarget section */
		B5661B442A3E15C900CC146A /* iMessage */ = {
			isa = PBXNativeTarget;
			buildConfigurationList = B5661B592A3E15CB00CC146A /* Build configuration list for PBXNativeTarget "iMessage" */;
			buildPhases = (
				9A6F7FC5E34BEF09C53D272E /* [CP] Check Pods Manifest.lock */,
				B5661B412A3E15C900CC146A /* Sources */,
				B5661B422A3E15C900CC146A /* Frameworks */,
				B5661B432A3E15C900CC146A /* Resources */,
				E3CC1A20AC7526699833D483 /* [CP] Embed Pods Frameworks */,
			);
			buildRules = (
			);
			dependencies = (
			);
			name = iMessage;
			productName = iMessage;
			productReference = B5661B452A3E15C900CC146A /* iMessage.app */;
			productType = "com.apple.product-type.application";
		};
/* End PBXNativeTarget section */

/* Begin PBXProject section */
		B5661B3D2A3E15C900CC146A /* Project object */ = {
			isa = PBXProject;
			attributes = {
				BuildIndependentTargetsInParallel = 1;
				LastSwiftUpdateCheck = 1430;
				LastUpgradeCheck = 1430;
				TargetAttributes = {
					B5661B442A3E15C900CC146A = {
						CreatedOnToolsVersion = 14.3.1;
					};
				};
			};
			buildConfigurationList = B5661B402A3E15C900CC146A /* Build configuration list for PBXProject "iMessage" */;
			compatibilityVersion = "Xcode 14.0";
			developmentRegion = en;
			hasScannedForEncodings = 0;
			knownRegions = (
				en,
				Base,
			);
			mainGroup = B5661B3C2A3E15C900CC146A;
			productRefGroup = B5661B462A3E15C900CC146A /* Products */;
			projectDirPath = "";
			projectRoot = "";
			targets = (
				B5661B442A3E15C900CC146A /* iMessage */,
			);
		};
/* End PBXProject section */

/* Begin PBXResourcesBuildPhase section */
		B5661B432A3E15C900CC146A /* Resources */ = {
			isa = PBXResourcesBuildPhase;
			buildActionMask = 2147483647;
			files = (
				B5661B552A3E15CB00CC146A /* LaunchScreen.storyboard in Resources */,
				B5F4568F2A409FA30012FE6C /* GoogleService-Info.plist in Resources */,
				B5661B522A3E15CB00CC146A /* Assets.xcassets in Resources */,
				B5661B502A3E15C900CC146A /* Main.storyboard in Resources */,
			);
			runOnlyForDeploymentPostprocessing = 0;
		};
/* End PBXResourcesBuildPhase section */

/* Begin PBXShellScriptBuildPhase section */
		9A6F7FC5E34BEF09C53D272E /* [CP] Check Pods Manifest.lock */ = {
			isa = PBXShellScriptBuildPhase;
			buildActionMask = 2147483647;
			files = (
			);
			inputFileListPaths = (
			);
			inputPaths = (
				"${PODS_PODFILE_DIR_PATH}/Podfile.lock",
				"${PODS_ROOT}/Manifest.lock",
			);
			name = "[CP] Check Pods Manifest.lock";
			outputFileListPaths = (
			);
			outputPaths = (
				"$(DERIVED_FILE_DIR)/Pods-iMessage-checkManifestLockResult.txt",
			);
			runOnlyForDeploymentPostprocessing = 0;
			shellPath = /bin/sh;
			shellScript = "diff \"${PODS_PODFILE_DIR_PATH}/Podfile.lock\" \"${PODS_ROOT}/Manifest.lock\" > /dev/null\nif [ $? != 0 ] ; then\n    # print error to STDERR\n    echo \"error: The sandbox is not in sync with the Podfile.lock. Run 'pod install' or update your CocoaPods installation.\" >&2\n    exit 1\nfi\n# This output is used by Xcode 'outputs' to avoid re-running this script phase.\necho \"SUCCESS\" > \"${SCRIPT_OUTPUT_FILE_0}\"\n";
			showEnvVarsInLog = 0;
		};
		E3CC1A20AC7526699833D483 /* [CP] Embed Pods Frameworks */ = {
			isa = PBXShellScriptBuildPhase;
			buildActionMask = 2147483647;
			files = (
			);
			inputFileListPaths = (
				"${PODS_ROOT}/Target Support Files/Pods-iMessage/Pods-iMessage-frameworks-${CONFIGURATION}-input-files.xcfilelist",
			);
			name = "[CP] Embed Pods Frameworks";
			outputFileListPaths = (
				"${PODS_ROOT}/Target Support Files/Pods-iMessage/Pods-iMessage-frameworks-${CONFIGURATION}-output-files.xcfilelist",
			);
			runOnlyForDeploymentPostprocessing = 0;
			shellPath = /bin/sh;
			shellScript = "\"${PODS_ROOT}/Target Support Files/Pods-iMessage/Pods-iMessage-frameworks.sh\"\n";
			showEnvVarsInLog = 0;
		};
/* End PBXShellScriptBuildPhase section */

/* Begin PBXSourcesBuildPhase section */
		B5661B412A3E15C900CC146A /* Sources */ = {
			isa = PBXSourcesBuildPhase;
			buildActionMask = 2147483647;
			files = (
				B5DF568F2A3E398200573A36 /* LoginViewController.swift in Sources */,
				B5F456912A40BA750012FE6C /* DatabaseManager.swift in Sources */,
				B5DF56912A3E39AE00573A36 /* RegisterViewController.swift in Sources */,
				B5DF56972A3E3A1300573A36 /* NewConversationViewController.swift in Sources */,
				B5661B4D2A3E15C900CC146A /* MainViewController.swift in Sources */,
				B5DF56952A3E39E600573A36 /* VideoPlayerViewController.swift in Sources */,
				B5DF569B2A3E404900573A36 /* Extensions.swift in Sources */,
				B5661B492A3E15C900CC146A /* AppDelegate.swift in Sources */,
				B5DF56992A3E3A3900573A36 /* ProfileViewController.swift in Sources */,
				B5661B4B2A3E15C900CC146A /* SceneDelegate.swift in Sources */,
				B591EB392A438AB40070A4D5 /* ChatViewController.swift in Sources */,
				B5DF56932A3E39CF00573A36 /* PhotoViewerViewController.swift in Sources */,
				B5849C922A445DD10070E4EA /* StorageManager.swift in Sources */,
			);
			runOnlyForDeploymentPostprocessing = 0;
		};
/* End PBXSourcesBuildPhase section */

/* Begin PBXVariantGroup section */
		B5661B4E2A3E15C900CC146A /* Main.storyboard */ = {
			isa = PBXVariantGroup;
			children = (
				B5661B4F2A3E15C900CC146A /* Base */,
			);
			name = Main.storyboard;
			sourceTree = "<group>";
		};
		B5661B532A3E15CB00CC146A /* LaunchScreen.storyboard */ = {
			isa = PBXVariantGroup;
			children = (
				B5661B542A3E15CB00CC146A /* Base */,
			);
			name = LaunchScreen.storyboard;
			sourceTree = "<group>";
		};
/* End PBXVariantGroup section */

/* Begin XCBuildConfiguration section */
		B5661B572A3E15CB00CC146A /* Debug */ = {
			isa = XCBuildConfiguration;
			buildSettings = {
				ALWAYS_SEARCH_USER_PATHS = NO;
				CLANG_ANALYZER_NONNULL = YES;
				CLANG_ANALYZER_NUMBER_OBJECT_CONVERSION = YES_AGGRESSIVE;
				CLANG_CXX_LANGUAGE_STANDARD = "gnu++20";
				CLANG_ENABLE_MODULES = YES;
				CLANG_ENABLE_OBJC_ARC = YES;
				CLANG_ENABLE_OBJC_WEAK = YES;
				CLANG_WARN_BLOCK_CAPTURE_AUTORELEASING = YES;
				CLANG_WARN_BOOL_CONVERSION = YES;
				CLANG_WARN_COMMA = YES;
				CLANG_WARN_CONSTANT_CONVERSION = YES;
				CLANG_WARN_DEPRECATED_OBJC_IMPLEMENTATIONS = YES;
				CLANG_WARN_DIRECT_OBJC_ISA_USAGE = YES_ERROR;
				CLANG_WARN_DOCUMENTATION_COMMENTS = YES;
				CLANG_WARN_EMPTY_BODY = YES;
				CLANG_WARN_ENUM_CONVERSION = YES;
				CLANG_WARN_INFINITE_RECURSION = YES;
				CLANG_WARN_INT_CONVERSION = YES;
				CLANG_WARN_NON_LITERAL_NULL_CONVERSION = YES;
				CLANG_WARN_OBJC_IMPLICIT_RETAIN_SELF = YES;
				CLANG_WARN_OBJC_LITERAL_CONVERSION = YES;
				CLANG_WARN_OBJC_ROOT_CLASS = YES_ERROR;
				CLANG_WARN_QUOTED_INCLUDE_IN_FRAMEWORK_HEADER = YES;
				CLANG_WARN_RANGE_LOOP_ANALYSIS = YES;
				CLANG_WARN_STRICT_PROTOTYPES = YES;
				CLANG_WARN_SUSPICIOUS_MOVE = YES;
				CLANG_WARN_UNGUARDED_AVAILABILITY = YES_AGGRESSIVE;
				CLANG_WARN_UNREACHABLE_CODE = YES;
				CLANG_WARN__DUPLICATE_METHOD_MATCH = YES;
				COPY_PHASE_STRIP = NO;
				DEBUG_INFORMATION_FORMAT = dwarf;
				ENABLE_STRICT_OBJC_MSGSEND = YES;
				ENABLE_TESTABILITY = YES;
				GCC_C_LANGUAGE_STANDARD = gnu11;
				GCC_DYNAMIC_NO_PIC = NO;
				GCC_NO_COMMON_BLOCKS = YES;
				GCC_OPTIMIZATION_LEVEL = 0;
				GCC_PREPROCESSOR_DEFINITIONS = (
					"DEBUG=1",
					"$(inherited)",
				);
				GCC_WARN_64_TO_32_BIT_CONVERSION = YES;
				GCC_WARN_ABOUT_RETURN_TYPE = YES_ERROR;
				GCC_WARN_UNDECLARED_SELECTOR = YES;
				GCC_WARN_UNINITIALIZED_AUTOS = YES_AGGRESSIVE;
				GCC_WARN_UNUSED_FUNCTION = YES;
				GCC_WARN_UNUSED_VARIABLE = YES;
				IPHONEOS_DEPLOYMENT_TARGET = 16.4;
				MTL_ENABLE_DEBUG_INFO = INCLUDE_SOURCE;
				MTL_FAST_MATH = YES;
				ONLY_ACTIVE_ARCH = YES;
				SDKROOT = iphoneos;
				SWIFT_ACTIVE_COMPILATION_CONDITIONS = DEBUG;
				SWIFT_OPTIMIZATION_LEVEL = "-Onone";
			};
			name = Debug;
		};
		B5661B582A3E15CB00CC146A /* Release */ = {
			isa = XCBuildConfiguration;
			buildSettings = {
				ALWAYS_SEARCH_USER_PATHS = NO;
				CLANG_ANALYZER_NONNULL = YES;
				CLANG_ANALYZER_NUMBER_OBJECT_CONVERSION = YES_AGGRESSIVE;
				CLANG_CXX_LANGUAGE_STANDARD = "gnu++20";
				CLANG_ENABLE_MODULES = YES;
				CLANG_ENABLE_OBJC_ARC = YES;
				CLANG_ENABLE_OBJC_WEAK = YES;
				CLANG_WARN_BLOCK_CAPTURE_AUTORELEASING = YES;
				CLANG_WARN_BOOL_CONVERSION = YES;
				CLANG_WARN_COMMA = YES;
				CLANG_WARN_CONSTANT_CONVERSION = YES;
				CLANG_WARN_DEPRECATED_OBJC_IMPLEMENTATIONS = YES;
				CLANG_WARN_DIRECT_OBJC_ISA_USAGE = YES_ERROR;
				CLANG_WARN_DOCUMENTATION_COMMENTS = YES;
				CLANG_WARN_EMPTY_BODY = YES;
				CLANG_WARN_ENUM_CONVERSION = YES;
				CLANG_WARN_INFINITE_RECURSION = YES;
				CLANG_WARN_INT_CONVERSION = YES;
				CLANG_WARN_NON_LITERAL_NULL_CONVERSION = YES;
				CLANG_WARN_OBJC_IMPLICIT_RETAIN_SELF = YES;
				CLANG_WARN_OBJC_LITERAL_CONVERSION = YES;
				CLANG_WARN_OBJC_ROOT_CLASS = YES_ERROR;
				CLANG_WARN_QUOTED_INCLUDE_IN_FRAMEWORK_HEADER = YES;
				CLANG_WARN_RANGE_LOOP_ANALYSIS = YES;
				CLANG_WARN_STRICT_PROTOTYPES = YES;
				CLANG_WARN_SUSPICIOUS_MOVE = YES;
				CLANG_WARN_UNGUARDED_AVAILABILITY = YES_AGGRESSIVE;
				CLANG_WARN_UNREACHABLE_CODE = YES;
				CLANG_WARN__DUPLICATE_METHOD_MATCH = YES;
				COPY_PHASE_STRIP = NO;
				DEBUG_INFORMATION_FORMAT = "dwarf-with-dsym";
				ENABLE_NS_ASSERTIONS = NO;
				ENABLE_STRICT_OBJC_MSGSEND = YES;
				GCC_C_LANGUAGE_STANDARD = gnu11;
				GCC_NO_COMMON_BLOCKS = YES;
				GCC_WARN_64_TO_32_BIT_CONVERSION = YES;
				GCC_WARN_ABOUT_RETURN_TYPE = YES_ERROR;
				GCC_WARN_UNDECLARED_SELECTOR = YES;
				GCC_WARN_UNINITIALIZED_AUTOS = YES_AGGRESSIVE;
				GCC_WARN_UNUSED_FUNCTION = YES;
				GCC_WARN_UNUSED_VARIABLE = YES;
				IPHONEOS_DEPLOYMENT_TARGET = 16.4;
				MTL_ENABLE_DEBUG_INFO = NO;
				MTL_FAST_MATH = YES;
				SDKROOT = iphoneos;
				SWIFT_COMPILATION_MODE = wholemodule;
				SWIFT_OPTIMIZATION_LEVEL = "-O";
				VALIDATE_PRODUCT = YES;
			};
			name = Release;
		};
		B5661B5A2A3E15CB00CC146A /* Debug */ = {
			isa = XCBuildConfiguration;
			baseConfigurationReference = F5DEF01AA231844E181AD30D /* Pods-iMessage.debug.xcconfig */;
			buildSettings = {
				ASSETCATALOG_COMPILER_APPICON_NAME = AppIcon;
				ASSETCATALOG_COMPILER_GLOBAL_ACCENT_COLOR_NAME = AccentColor;
				CODE_SIGN_STYLE = Automatic;
				CURRENT_PROJECT_VERSION = 1;
				GENERATE_INFOPLIST_FILE = YES;
				INFOPLIST_FILE = iMessage/Info.plist;
				INFOPLIST_KEY_UIApplicationSupportsIndirectInputEvents = YES;
				INFOPLIST_KEY_UILaunchStoryboardName = LaunchScreen;
				INFOPLIST_KEY_UIMainStoryboardFile = Main;
				INFOPLIST_KEY_UISupportedInterfaceOrientations = UIInterfaceOrientationPortrait;
				IPHONEOS_DEPLOYMENT_TARGET = 14.0;
				LD_RUNPATH_SEARCH_PATHS = (
					"$(inherited)",
					"@executable_path/Frameworks",
				);
				MARKETING_VERSION = 1.0;
				PRODUCT_BUNDLE_IDENTIFIER = com.tmf.iMessage;
				PRODUCT_NAME = "$(TARGET_NAME)";
				SUPPORTED_PLATFORMS = "iphoneos iphonesimulator";
				SUPPORTS_MACCATALYST = NO;
				SUPPORTS_MAC_DESIGNED_FOR_IPHONE_IPAD = NO;
				SWIFT_EMIT_LOC_STRINGS = YES;
				SWIFT_VERSION = 5.0;
				TARGETED_DEVICE_FAMILY = "1,2";
			};
			name = Debug;
		};
		B5661B5B2A3E15CB00CC146A /* Release */ = {
			isa = XCBuildConfiguration;
			baseConfigurationReference = 89D08BFAF0429D6CCD34E346 /* Pods-iMessage.release.xcconfig */;
			buildSettings = {
				ASSETCATALOG_COMPILER_APPICON_NAME = AppIcon;
				ASSETCATALOG_COMPILER_GLOBAL_ACCENT_COLOR_NAME = AccentColor;
				CODE_SIGN_STYLE = Automatic;
				CURRENT_PROJECT_VERSION = 1;
				GENERATE_INFOPLIST_FILE = YES;
				INFOPLIST_FILE = iMessage/Info.plist;
				INFOPLIST_KEY_UIApplicationSupportsIndirectInputEvents = YES;
				INFOPLIST_KEY_UILaunchStoryboardName = LaunchScreen;
				INFOPLIST_KEY_UIMainStoryboardFile = Main;
				INFOPLIST_KEY_UISupportedInterfaceOrientations = UIInterfaceOrientationPortrait;
				IPHONEOS_DEPLOYMENT_TARGET = 14.0;
				LD_RUNPATH_SEARCH_PATHS = (
					"$(inherited)",
					"@executable_path/Frameworks",
				);
				MARKETING_VERSION = 1.0;
				PRODUCT_BUNDLE_IDENTIFIER = com.tmf.iMessage;
				PRODUCT_NAME = "$(TARGET_NAME)";
				SUPPORTED_PLATFORMS = "iphoneos iphonesimulator";
				SUPPORTS_MACCATALYST = NO;
				SUPPORTS_MAC_DESIGNED_FOR_IPHONE_IPAD = NO;
				SWIFT_EMIT_LOC_STRINGS = YES;
				SWIFT_VERSION = 5.0;
				TARGETED_DEVICE_FAMILY = "1,2";
			};
			name = Release;
		};
/* End XCBuildConfiguration section */

/* Begin XCConfigurationList section */
		B5661B402A3E15C900CC146A /* Build configuration list for PBXProject "iMessage" */ = {
			isa = XCConfigurationList;
			buildConfigurations = (
				B5661B572A3E15CB00CC146A /* Debug */,
				B5661B582A3E15CB00CC146A /* Release */,
			);
			defaultConfigurationIsVisible = 0;
			defaultConfigurationName = Release;
		};
		B5661B592A3E15CB00CC146A /* Build configuration list for PBXNativeTarget "iMessage" */ = {
			isa = XCConfigurationList;
			buildConfigurations = (
				B5661B5A2A3E15CB00CC146A /* Debug */,
				B5661B5B2A3E15CB00CC146A /* Release */,
			);
			defaultConfigurationIsVisible = 0;
			defaultConfigurationName = Release;
		};
/* End XCConfigurationList section */
	};
	rootObject = B5661B3D2A3E15C900CC146A /* Project object */;
}
